<?xml version="1.0" encoding="utf-8"?>
<Project ToolsVersion="17.0" xmlns="http://schemas.microsoft.com/developer/msbuild/2003">
  <ItemGroup>
    <ClCompile Include="S:\CIS-5650\Project0-GPU-Programming\cuda-getting-started\src\glslUtility.cpp">
      <Filter>Sources</Filter>
    </ClCompile>
    <ClCompile Include="S:\CIS-5650\Project0-GPU-Programming\cuda-getting-started\src\main.cpp">
      <Filter>Sources</Filter>
    </ClCompile>
  </ItemGroup>
  <ItemGroup>
    <ClInclude Include="S:\CIS-5650\Project0-GPU-Programming\cuda-getting-started\src\glslUtility.hpp">
      <Filter>Headers</Filter>
    </ClInclude>
    <ClInclude Include="S:\CIS-5650\Project0-GPU-Programming\cuda-getting-started\src\kernel.h">
      <Filter>Headers</Filter>
    </ClInclude>
    <ClInclude Include="S:\CIS-5650\Project0-GPU-Programming\cuda-getting-started\src\main.hpp">
      <Filter>Headers</Filter>
    </ClInclude>
  </ItemGroup>
  <ItemGroup>
    <CudaCompile Include="src\kernel.cu">
      <Filter>Sources</Filter>
    </CudaCompile>
  </ItemGroup>
  <ItemGroup>
    <CustomBuild Include="S:\CIS-5650\Project0-GPU-Programming\cuda-getting-started\CMakeLists.txt" />
  </ItemGroup>
  <ItemGroup>
    <Filter Include="Headers">
      <UniqueIdentifier>{175A3D87-B741-31E1-9392-E48489E12EF3}</UniqueIdentifier>
    </Filter>
    <Filter Include="Sources">
      <UniqueIdentifier>{61B6307C-926C-363C-8593-A67621A83C65}</UniqueIdentifier>
    </Filter>
  </ItemGroup>
</Project>
