
Microsoft Visual Studio Solution File, Format Version 12.00
# Visual Studio Version 17
Project("{2150E333-8FDC-42A3-9474-1A3956D46DE8}") = "CMakePredefinedTargets", "CMakePredefinedTargets", "{BA1BB8D3-A9CE-35F1-B209-5C23C61F78AD}"
EndProject
Project("{8BC9CEB8-8B4A-11D0-8D11-00A0C91BC942}") = "cis5650_getting_started", "cis5650_getting_started.vcxproj", "{04924BCB-234D-3DE3-9235-085286D879F3}"
	ProjectSection(ProjectDependencies) = postProject
		{7E532CB7-C297-302B-B0D9-607121077286} = {7E532CB7-C297-302B-B0D9-607121077286}
	EndProjectSection
EndProject
Project("{8BC9CEB8-8B4A-11D0-8D11-00A0C91BC942}") = "ALL_BUILD", "ALL_BUILD.vcxproj", "{DB4F0CD4-915E-3DD8-9797-897D2633DDC9}"
	ProjectSection(ProjectDependencies) = postProject
		{7E532CB7-C297-302B-B0D9-607121077286} = {7E532CB7-C297-302B-B0D9-607121077286}
		{04924BCB-234D-3DE3-9235-085286D879F3} = {04924BCB-234D-3DE3-9235-085286D879F3}
	EndProjectSection
EndProject
Project("{8BC9CEB8-8B4A-11D0-8D11-00A0C91BC942}") = "ZERO_CHECK", "ZERO_CHECK.vcxproj", "{7E532CB7-C297-302B-B0D9-607121077286}"
	ProjectSection(ProjectDependencies) = postProject
	EndProjectSection
EndProject
Global
	GlobalSection(SolutionConfigurationPlatforms) = preSolution
		Debug|x64 = Debug|x64
		Release|x64 = Release|x64
		MinSizeRel|x64 = MinSizeRel|x64
		RelWithDebInfo|x64 = RelWithDebInfo|x64
	EndGlobalSection
	GlobalSection(ProjectConfigurationPlatforms) = postSolution
		{04924BCB-234D-3DE3-9235-085286D879F3}.Debug|x64.ActiveCfg = Debug|x64
		{04924BCB-234D-3DE3-9235-085286D879F3}.Debug|x64.Build.0 = Debug|x64
		{04924BCB-234D-3DE3-9235-085286D879F3}.Release|x64.ActiveCfg = Release|x64
		{04924BCB-234D-3DE3-9235-085286D879F3}.Release|x64.Build.0 = Release|x64
		{04924BCB-234D-3DE3-9235-085286D879F3}.MinSizeRel|x64.ActiveCfg = MinSizeRel|x64
		{04924BCB-234D-3DE3-9235-085286D879F3}.MinSizeRel|x64.Build.0 = MinSizeRel|x64
		{04924BCB-234D-3DE3-9235-085286D879F3}.RelWithDebInfo|x64.ActiveCfg = RelWithDebInfo|x64
		{04924BCB-234D-3DE3-9235-085286D879F3}.RelWithDebInfo|x64.Build.0 = RelWithDebInfo|x64
		{DB4F0CD4-915E-3DD8-9797-897D2633DDC9}.Debug|x64.ActiveCfg = Debug|x64
		{DB4F0CD4-915E-3DD8-9797-897D2633DDC9}.Release|x64.ActiveCfg = Release|x64
		{DB4F0CD4-915E-3DD8-9797-897D2633DDC9}.MinSizeRel|x64.ActiveCfg = MinSizeRel|x64
		{DB4F0CD4-915E-3DD8-9797-897D2633DDC9}.RelWithDebInfo|x64.ActiveCfg = RelWithDebInfo|x64
		{7E532CB7-C297-302B-B0D9-607121077286}.Debug|x64.ActiveCfg = Debug|x64
		{7E532CB7-C297-302B-B0D9-607121077286}.Debug|x64.Build.0 = Debug|x64
		{7E532CB7-C297-302B-B0D9-607121077286}.Release|x64.ActiveCfg = Release|x64
		{7E532CB7-C297-302B-B0D9-607121077286}.Release|x64.Build.0 = Release|x64
		{7E532CB7-C297-302B-B0D9-607121077286}.MinSizeRel|x64.ActiveCfg = MinSizeRel|x64
		{7E532CB7-C297-302B-B0D9-607121077286}.MinSizeRel|x64.Build.0 = MinSizeRel|x64
		{7E532CB7-C297-302B-B0D9-607121077286}.RelWithDebInfo|x64.ActiveCfg = RelWithDebInfo|x64
		{7E532CB7-C297-302B-B0D9-607121077286}.RelWithDebInfo|x64.Build.0 = RelWithDebInfo|x64
	EndGlobalSection
	GlobalSection(NestedProjects) = preSolution
		{DB4F0CD4-915E-3DD8-9797-897D2633DDC9} = {BA1BB8D3-A9CE-35F1-B209-5C23C61F78AD}
		{7E532CB7-C297-302B-B0D9-607121077286} = {BA1BB8D3-A9CE-35F1-B209-5C23C61F78AD}
	EndGlobalSection
	GlobalSection(ExtensibilityGlobals) = postSolution
		SolutionGuid = {1A553237-9764-37B8-96AF-ED01F2A38CB4}
	EndGlobalSection
	GlobalSection(ExtensibilityAddIns) = postSolution
	EndGlobalSection
EndGlobal
