
Microsoft Visual Studio Solution File, Format Version 12.00
# Visual Studio Version 16
Project("{2150E333-8FDC-42A3-9474-1A3956D46DE8}") = "CMakePredefinedTargets", "CMakePredefinedTargets", "{E372BE85-42FF-3A8F-9CCA-1A1592AE9383}"
EndProject
Project("{8BC9CEB8-8B4A-11D0-8D11-00A0C91BC942}") = "ALL_BUILD", "ALL_BUILD.vcxproj", "{8EC3057D-62EC-3B03-A59C-9BA077D93402}"
	ProjectSection(ProjectDependencies) = postProject
		{B445A626-D158-39ED-9A76-AF9EE00B731F} = {B445A626-D158-39ED-9A76-AF9EE00B731F}
		{97FF80BE-F7A6-34D4-BB0E-3E06FF2B98F0} = {97FF80BE-F7A6-34D4-BB0E-3E06FF2B98F0}
	EndProjectSection
EndProject
Project("{8BC9CEB8-8B4A-11D0-8D11-00A0C91BC942}") = "ZERO_CHECK", "ZERO_CHECK.vcxproj", "{B445A626-D158-39ED-9A76-AF9EE00B731F}"
	ProjectSection(ProjectDependencies) = postProject
	EndProjectSection
EndProject
Project("{8BC9CEB8-8B4A-11D0-8D11-00A0C91BC942}") = "cis5650_getting_started", "cis5650_getting_started.vcxproj", "{97FF80BE-F7A6-34D4-BB0E-3E06FF2B98F0}"
	ProjectSection(ProjectDependencies) = postProject
		{B445A626-D158-39ED-9A76-AF9EE00B731F} = {B445A626-D158-39ED-9A76-AF9EE00B731F}
	EndProjectSection
EndProject
Global
	GlobalSection(SolutionConfigurationPlatforms) = preSolution
		Debug|x64 = Debug|x64
		Release|x64 = Release|x64
		MinSizeRel|x64 = MinSizeRel|x64
		RelWithDebInfo|x64 = RelWithDebInfo|x64
	EndGlobalSection
	GlobalSection(ProjectConfigurationPlatforms) = postSolution
		{8EC3057D-62EC-3B03-A59C-9BA077D93402}.Debug|x64.ActiveCfg = Debug|x64
		{8EC3057D-62EC-3B03-A59C-9BA077D93402}.Release|x64.ActiveCfg = Release|x64
		{8EC3057D-62EC-3B03-A59C-9BA077D93402}.MinSizeRel|x64.ActiveCfg = MinSizeRel|x64
		{8EC3057D-62EC-3B03-A59C-9BA077D93402}.RelWithDebInfo|x64.ActiveCfg = RelWithDebInfo|x64
		{B445A626-D158-39ED-9A76-AF9EE00B731F}.Debug|x64.ActiveCfg = Debug|x64
		{B445A626-D158-39ED-9A76-AF9EE00B731F}.Debug|x64.Build.0 = Debug|x64
		{B445A626-D158-39ED-9A76-AF9EE00B731F}.Release|x64.ActiveCfg = Release|x64
		{B445A626-D158-39ED-9A76-AF9EE00B731F}.Release|x64.Build.0 = Release|x64
		{B445A626-D158-39ED-9A76-AF9EE00B731F}.MinSizeRel|x64.ActiveCfg = MinSizeRel|x64
		{B445A626-D158-39ED-9A76-AF9EE00B731F}.MinSizeRel|x64.Build.0 = MinSizeRel|x64
		{B445A626-D158-39ED-9A76-AF9EE00B731F}.RelWithDebInfo|x64.ActiveCfg = RelWithDebInfo|x64
		{B445A626-D158-39ED-9A76-AF9EE00B731F}.RelWithDebInfo|x64.Build.0 = RelWithDebInfo|x64
		{97FF80BE-F7A6-34D4-BB0E-3E06FF2B98F0}.Debug|x64.ActiveCfg = Debug|x64
		{97FF80BE-F7A6-34D4-BB0E-3E06FF2B98F0}.Debug|x64.Build.0 = Debug|x64
		{97FF80BE-F7A6-34D4-BB0E-3E06FF2B98F0}.Release|x64.ActiveCfg = Release|x64
		{97FF80BE-F7A6-34D4-BB0E-3E06FF2B98F0}.Release|x64.Build.0 = Release|x64
		{97FF80BE-F7A6-34D4-BB0E-3E06FF2B98F0}.MinSizeRel|x64.ActiveCfg = MinSizeRel|x64
		{97FF80BE-F7A6-34D4-BB0E-3E06FF2B98F0}.MinSizeRel|x64.Build.0 = MinSizeRel|x64
		{97FF80BE-F7A6-34D4-BB0E-3E06FF2B98F0}.RelWithDebInfo|x64.ActiveCfg = RelWithDebInfo|x64
		{97FF80BE-F7A6-34D4-BB0E-3E06FF2B98F0}.RelWithDebInfo|x64.Build.0 = RelWithDebInfo|x64
	EndGlobalSection
	GlobalSection(NestedProjects) = preSolution
		{8EC3057D-62EC-3B03-A59C-9BA077D93402} = {E372BE85-42FF-3A8F-9CCA-1A1592AE9383}
		{B445A626-D158-39ED-9A76-AF9EE00B731F} = {E372BE85-42FF-3A8F-9CCA-1A1592AE9383}
	EndGlobalSection
	GlobalSection(ExtensibilityGlobals) = postSolution
		SolutionGuid = {3964197B-D25E-3714-86CF-3304FE9EAD64}
	EndGlobalSection
	GlobalSection(ExtensibilityAddIns) = postSolution
	EndGlobalSection
EndGlobal
